dependencies:
- name: influxdb
  repository: https://helm.influxdata.com
  version: 4.12.5
- name: grafana
  repository: https://grafana.github.io/helm-charts
  version: 8.8.6
digest: sha256:11283ef61a4fabb5fbaa73eef78a7fce680c6ddf950f4675343b50f64c9ec2cc
generated: "2025-01-31T22:00:39.021929168Z"
