dependencies:
- name: influxdb
  repository: https://helm.influxdata.com
  version: 4.12.5
- name: grafana
  repository: https://grafana.github.io/helm-charts
  version: 8.8.3
digest: sha256:b9e59c4ad5a16547ddaa907dcbe7be6e2bd7a58b699ccf4702839ecec6d4e355
generated: "2025-01-15T21:00:34.164615444Z"
