dependencies:
- name: influxdb
  repository: https://helm.influxdata.com
  version: 4.12.5
- name: grafana
  repository: https://grafana.github.io/helm-charts
  version: 8.3.6
digest: sha256:4a26655676236ee77e7eeba9f699ff28ecfb76b4639f5ac1311905b16ecd63be
generated: "2024-07-20T19:00:36.405810532Z"
